// !$*UTF8*$!
{
	archiveVersion = 1;
	classes = {
	};
	objectVersion = 56;
	objects = {

/* Begin PBXBuildFile section */
		B4CECE042BC4A4DF00A23555 /* Expense_TrackerApp.swift in Sources */ = {isa = PBXBuildFile; fileRef = B4CECE032BC4A4DF00A23555 /* Expense_TrackerApp.swift */; };
		B4CECE062BC4A4DF00A23555 /* ContentView.swift in Sources */ = {isa = PBXBuildFile; fileRef = B4CECE052BC4A4DF00A23555 /* ContentView.swift */; };
		B4CECE082BC4A4E100A23555 /* Assets.xcassets in Resources */ = {isa = PBXBuildFile; fileRef = B4CECE072BC4A4E100A23555 /* Assets.xcassets */; };
		B4CECE0B2BC4A4E100A23555 /* Preview Assets.xcassets in Resources */ = {isa = PBXBuildFile; fileRef = B4CECE0A2BC4A4E100A23555 /* Preview Assets.xcassets */; };
		B4CECE122BC5797100A23555 /* Extensions.swift in Sources */ = {isa = PBXBuildFile; fileRef = B4CECE112BC5797100A23555 /* Extensions.swift */; };
		B4CECE142BC57C2700A23555 /* TransactionModel.swift in Sources */ = {isa = PBXBuildFile; fileRef = B4CECE132BC57C2700A23555 /* TransactionModel.swift */; };
		B4CECE162BC57D0000A23555 /* PreviewData.swift in Sources */ = {isa = PBXBuildFile; fileRef = B4CECE152BC57D0000A23555 /* PreviewData.swift */; };
		B4CECE182BC57D8A00A23555 /* TransactionRow.swift in Sources */ = {isa = PBXBuildFile; fileRef = B4CECE172BC57D8A00A23555 /* TransactionRow.swift */; };
		B4CECE1B2BC580AE00A23555 /* SwiftUIFontIcon in Frameworks */ = {isa = PBXBuildFile; productRef = B4CECE1A2BC580AE00A23555 /* SwiftUIFontIcon */; };
		B4CECE1D2BC5825500A23555 /* TransactionListVM.swift in Sources */ = {isa = PBXBuildFile; fileRef = B4CECE1C2BC5825500A23555 /* TransactionListVM.swift */; };
		B4CECE1F2BC5866200A23555 /* RecentTransactionList.swift in Sources */ = {isa = PBXBuildFile; fileRef = B4CECE1E2BC5866200A23555 /* RecentTransactionList.swift */; };
		B4CECE212BC74C5A00A23555 /* TransactionList.swift in Sources */ = {isa = PBXBuildFile; fileRef = B4CECE202BC74C5A00A23555 /* TransactionList.swift */; };
		B4CECE242BC7508500A23555 /* Collections in Frameworks */ = {isa = PBXBuildFile; productRef = B4CECE232BC7508500A23555 /* Collections */; };
		B4CECE262BC7508500A23555 /* OrderedCollections in Frameworks */ = {isa = PBXBuildFile; productRef = B4CECE252BC7508500A23555 /* OrderedCollections */; };
		B4CECE292BC7512A00A23555 /* SwiftUICharts in Frameworks */ = {isa = PBXBuildFile; productRef = B4CECE282BC7512A00A23555 /* SwiftUICharts */; };
/* End PBXBuildFile section */

/* Begin PBXFileReference section */
		B4CECE002BC4A4DF00A23555 /* Expense Tracker.app */ = {isa = PBXFileReference; explicitFileType = wrapper.application; includeInIndex = 0; path = "Expense Tracker.app"; sourceTree = BUILT_PRODUCTS_DIR; };
		B4CECE032BC4A4DF00A23555 /* Expense_TrackerApp.swift */ = {isa = PBXFileReference; lastKnownFileType = sourcecode.swift; path = Expense_TrackerApp.swift; sourceTree = "<group>"; };
		B4CECE052BC4A4DF00A23555 /* ContentView.swift */ = {isa = PBXFileReference; lastKnownFileType = sourcecode.swift; path = ContentView.swift; sourceTree = "<group>"; };
		B4CECE072BC4A4E100A23555 /* Assets.xcassets */ = {isa = PBXFileReference; lastKnownFileType = folder.assetcatalog; path = Assets.xcassets; sourceTree = "<group>"; };
		B4CECE0A2BC4A4E100A23555 /* Preview Assets.xcassets */ = {isa = PBXFileReference; lastKnownFileType = folder.assetcatalog; path = "Preview Assets.xcassets"; sourceTree = "<group>"; };
		B4CECE112BC5797100A23555 /* Extensions.swift */ = {isa = PBXFileReference; lastKnownFileType = sourcecode.swift; path = Extensions.swift; sourceTree = "<group>"; };
		B4CECE132BC57C2700A23555 /* TransactionModel.swift */ = {isa = PBXFileReference; lastKnownFileType = sourcecode.swift; path = TransactionModel.swift; sourceTree = "<group>"; };
		B4CECE152BC57D0000A23555 /* PreviewData.swift */ = {isa = PBXFileReference; lastKnownFileType = sourcecode.swift; path = PreviewData.swift; sourceTree = "<group>"; };
		B4CECE172BC57D8A00A23555 /* TransactionRow.swift */ = {isa = PBXFileReference; lastKnownFileType = sourcecode.swift; path = TransactionRow.swift; sourceTree = "<group>"; };
		B4CECE1C2BC5825500A23555 /* TransactionListVM.swift */ = {isa = PBXFileReference; lastKnownFileType = sourcecode.swift; path = TransactionListVM.swift; sourceTree = "<group>"; };
		B4CECE1E2BC5866200A23555 /* RecentTransactionList.swift */ = {isa = PBXFileReference; lastKnownFileType = sourcecode.swift; path = RecentTransactionList.swift; sourceTree = "<group>"; };
		B4CECE202BC74C5A00A23555 /* TransactionList.swift */ = {isa = PBXFileReference; lastKnownFileType = sourcecode.swift; path = TransactionList.swift; sourceTree = "<group>"; };
/* End PBXFileReference section */

/* Begin PBXFrameworksBuildPhase section */
		B4CECDFD2BC4A4DF00A23555 /* Frameworks */ = {
			isa = PBXFrameworksBuildPhase;
			buildActionMask = 2147483647;
			files = (
				B4CECE242BC7508500A23555 /* Collections in Frameworks */,
				B4CECE292BC7512A00A23555 /* SwiftUICharts in Frameworks */,
				B4CECE1B2BC580AE00A23555 /* SwiftUIFontIcon in Frameworks */,
				B4CECE262BC7508500A23555 /* OrderedCollections in Frameworks */,
			);
			runOnlyForDeploymentPostprocessing = 0;
		};
/* End PBXFrameworksBuildPhase section */

/* Begin PBXGroup section */
		B4CECDF72BC4A4DF00A23555 = {
			isa = PBXGroup;
			children = (
				B4CECE022BC4A4DF00A23555 /* Expense Tracker */,
				B4CECE012BC4A4DF00A23555 /* Products */,
			);
			sourceTree = "<group>";
		};
		B4CECE012BC4A4DF00A23555 /* Products */ = {
			isa = PBXGroup;
			children = (
				B4CECE002BC4A4DF00A23555 /* Expense Tracker.app */,
			);
			name = Products;
			sourceTree = "<group>";
		};
		B4CECE022BC4A4DF00A23555 /* Expense Tracker */ = {
			isa = PBXGroup;
			children = (
				B4CECE112BC5797100A23555 /* Extensions.swift */,
				B4CECE032BC4A4DF00A23555 /* Expense_TrackerApp.swift */,
				B4CECE052BC4A4DF00A23555 /* ContentView.swift */,
				B4CECE132BC57C2700A23555 /* TransactionModel.swift */,
				B4CECE1C2BC5825500A23555 /* TransactionListVM.swift */,
				B4CECE172BC57D8A00A23555 /* TransactionRow.swift */,
				B4CECE1E2BC5866200A23555 /* RecentTransactionList.swift */,
				B4CECE202BC74C5A00A23555 /* TransactionList.swift */,
				B4CECE072BC4A4E100A23555 /* Assets.xcassets */,
				B4CECE092BC4A4E100A23555 /* Preview Content */,
			);
			path = "Expense Tracker";
			sourceTree = "<group>";
		};
		B4CECE092BC4A4E100A23555 /* Preview Content */ = {
			isa = PBXGroup;
			children = (
				B4CECE0A2BC4A4E100A23555 /* Preview Assets.xcassets */,
				B4CECE152BC57D0000A23555 /* PreviewData.swift */,
			);
			path = "Preview Content";
			sourceTree = "<group>";
		};
/* End PBXGroup section */

/* Begin PBXNativeTarget section */
		B4CECDFF2BC4A4DF00A23555 /* Expense Tracker */ = {
			isa = PBXNativeTarget;
			buildConfigurationList = B4CECE0E2BC4A4E100A23555 /* Build configuration list for PBXNativeTarget "Expense Tracker" */;
			buildPhases = (
				B4CECDFC2BC4A4DF00A23555 /* Sources */,
				B4CECDFD2BC4A4DF00A23555 /* Frameworks */,
				B4CECDFE2BC4A4DF00A23555 /* Resources */,
			);
			buildRules = (
			);
			dependencies = (
			);
			name = "Expense Tracker";
			packageProductDependencies = (
				B4CECE1A2BC580AE00A23555 /* SwiftUIFontIcon */,
				B4CECE232BC7508500A23555 /* Collections */,
				B4CECE252BC7508500A23555 /* OrderedCollections */,
				B4CECE282BC7512A00A23555 /* SwiftUICharts */,
			);
			productName = "Expense Tracker";
			productReference = B4CECE002BC4A4DF00A23555 /* Expense Tracker.app */;
			productType = "com.apple.product-type.application";
		};
/* End PBXNativeTarget section */

/* Begin PBXProject section */
		B4CECDF82BC4A4DF00A23555 /* Project object */ = {
			isa = PBXProject;
			attributes = {
				BuildIndependentTargetsInParallel = 1;
				LastSwiftUpdateCheck = 1530;
				LastUpgradeCheck = 1530;
				TargetAttributes = {
					B4CECDFF2BC4A4DF00A23555 = {
						CreatedOnToolsVersion = 15.3;
					};
				};
			};
			buildConfigurationList = B4CECDFB2BC4A4DF00A23555 /* Build configuration list for PBXProject "Expense Tracker" */;
			compatibilityVersion = "Xcode 14.0";
			developmentRegion = en;
			hasScannedForEncodings = 0;
			knownRegions = (
				en,
				Base,
			);
			mainGroup = B4CECDF72BC4A4DF00A23555;
			packageReferences = (
				B4CECE192BC580AE00A23555 /* XCRemoteSwiftPackageReference "SwiftUIFontIcon" */,
				B4CECE222BC74F3400A23555 /* XCRemoteSwiftPackageReference "swift-collections" */,
				B4CECE272BC7512A00A23555 /* XCRemoteSwiftPackageReference "ChartView" */,
			);
			productRefGroup = B4CECE012BC4A4DF00A23555 /* Products */;
			projectDirPath = "";
			projectRoot = "";
			targets = (
				B4CECDFF2BC4A4DF00A23555 /* Expense Tracker */,
			);
		};
/* End PBXProject section */

/* Begin PBXResourcesBuildPhase section */
		B4CECDFE2BC4A4DF00A23555 /* Resources */ = {
			isa = PBXResourcesBuildPhase;
			buildActionMask = 2147483647;
			files = (
				B4CECE0B2BC4A4E100A23555 /* Preview Assets.xcassets in Resources */,
				B4CECE082BC4A4E100A23555 /* Assets.xcassets in Resources */,
			);
			runOnlyForDeploymentPostprocessing = 0;
		};
/* End PBXResourcesBuildPhase section */

/* Begin PBXSourcesBuildPhase section */
		B4CECDFC2BC4A4DF00A23555 /* Sources */ = {
			isa = PBXSourcesBuildPhase;
			buildActionMask = 2147483647;
			files = (
				B4CECE162BC57D0000A23555 /* PreviewData.swift in Sources */,
				B4CECE212BC74C5A00A23555 /* TransactionList.swift in Sources */,
				B4CECE1F2BC5866200A23555 /* RecentTransactionList.swift in Sources */,
				B4CECE142BC57C2700A23555 /* TransactionModel.swift in Sources */,
				B4CECE062BC4A4DF00A23555 /* ContentView.swift in Sources */,
				B4CECE182BC57D8A00A23555 /* TransactionRow.swift in Sources */,
				B4CECE122BC5797100A23555 /* Extensions.swift in Sources */,
				B4CECE1D2BC5825500A23555 /* TransactionListVM.swift in Sources */,
				B4CECE042BC4A4DF00A23555 /* Expense_TrackerApp.swift in Sources */,
			);
			runOnlyForDeploymentPostprocessing = 0;
		};
/* End PBXSourcesBuildPhase section */

/* Begin XCBuildConfiguration section */
		B4CECE0C2BC4A4E100A23555 /* Debug */ = {
			isa = XCBuildConfiguration;
			buildSettings = {
				ALWAYS_SEARCH_USER_PATHS = NO;
				ASSETCATALOG_COMPILER_GENERATE_SWIFT_ASSET_SYMBOL_EXTENSIONS = YES;
				CLANG_ANALYZER_NONNULL = YES;
				CLANG_ANALYZER_NUMBER_OBJECT_CONVERSION = YES_AGGRESSIVE;
				CLANG_CXX_LANGUAGE_STANDARD = "gnu++20";
				CLANG_ENABLE_MODULES = YES;
				CLANG_ENABLE_OBJC_ARC = YES;
				CLANG_ENABLE_OBJC_WEAK = YES;
				CLANG_WARN_BLOCK_CAPTURE_AUTORELEASING = YES;
				CLANG_WARN_BOOL_CONVERSION = YES;
				CLANG_WARN_COMMA = YES;
				CLANG_WARN_CONSTANT_CONVERSION = YES;
				CLANG_WARN_DEPRECATED_OBJC_IMPLEMENTATIONS = YES;
				CLANG_WARN_DIRECT_OBJC_ISA_USAGE = YES_ERROR;
				CLANG_WARN_DOCUMENTATION_COMMENTS = YES;
				CLANG_WARN_EMPTY_BODY = YES;
				CLANG_WARN_ENUM_CONVERSION = YES;
				CLANG_WARN_INFINITE_RECURSION = YES;
				CLANG_WARN_INT_CONVERSION = YES;
				CLANG_WARN_NON_LITERAL_NULL_CONVERSION = YES;
				CLANG_WARN_OBJC_IMPLICIT_RETAIN_SELF = YES;
				CLANG_WARN_OBJC_LITERAL_CONVERSION = YES;
				CLANG_WARN_OBJC_ROOT_CLASS = YES_ERROR;
				CLANG_WARN_QUOTED_INCLUDE_IN_FRAMEWORK_HEADER = YES;
				CLANG_WARN_RANGE_LOOP_ANALYSIS = YES;
				CLANG_WARN_STRICT_PROTOTYPES = YES;
				CLANG_WARN_SUSPICIOUS_MOVE = YES;
				CLANG_WARN_UNGUARDED_AVAILABILITY = YES_AGGRESSIVE;
				CLANG_WARN_UNREACHABLE_CODE = YES;
				CLANG_WARN__DUPLICATE_METHOD_MATCH = YES;
				COPY_PHASE_STRIP = NO;
				DEBUG_INFORMATION_FORMAT = dwarf;
				ENABLE_STRICT_OBJC_MSGSEND = YES;
				ENABLE_TESTABILITY = YES;
				ENABLE_USER_SCRIPT_SANDBOXING = YES;
				GCC_C_LANGUAGE_STANDARD = gnu17;
				GCC_DYNAMIC_NO_PIC = NO;
				GCC_NO_COMMON_BLOCKS = YES;
				GCC_OPTIMIZATION_LEVEL = 0;
				GCC_PREPROCESSOR_DEFINITIONS = (
					"DEBUG=1",
					"$(inherited)",
				);
				GCC_WARN_64_TO_32_BIT_CONVERSION = YES;
				GCC_WARN_ABOUT_RETURN_TYPE = YES_ERROR;
				GCC_WARN_UNDECLARED_SELECTOR = YES;
				GCC_WARN_UNINITIALIZED_AUTOS = YES_AGGRESSIVE;
				GCC_WARN_UNUSED_FUNCTION = YES;
				GCC_WARN_UNUSED_VARIABLE = YES;
				IPHONEOS_DEPLOYMENT_TARGET = 17.4;
				LOCALIZATION_PREFERS_STRING_CATALOGS = YES;
				MTL_ENABLE_DEBUG_INFO = INCLUDE_SOURCE;
				MTL_FAST_MATH = YES;
				ONLY_ACTIVE_ARCH = YES;
				SDKROOT = iphoneos;
				SWIFT_ACTIVE_COMPILATION_CONDITIONS = "DEBUG $(inherited)";
				SWIFT_OPTIMIZATION_LEVEL = "-Onone";
			};
			name = Debug;
		};
		B4CECE0D2BC4A4E100A23555 /* Release */ = {
			isa = XCBuildConfiguration;
			buildSettings = {
				ALWAYS_SEARCH_USER_PATHS = NO;
				ASSETCATALOG_COMPILER_GENERATE_SWIFT_ASSET_SYMBOL_EXTENSIONS = YES;
				CLANG_ANALYZER_NONNULL = YES;
				CLANG_ANALYZER_NUMBER_OBJECT_CONVERSION = YES_AGGRESSIVE;
				CLANG_CXX_LANGUAGE_STANDARD = "gnu++20";
				CLANG_ENABLE_MODULES = YES;
				CLANG_ENABLE_OBJC_ARC = YES;
				CLANG_ENABLE_OBJC_WEAK = YES;
				CLANG_WARN_BLOCK_CAPTURE_AUTORELEASING = YES;
				CLANG_WARN_BOOL_CONVERSION = YES;
				CLANG_WARN_COMMA = YES;
				CLANG_WARN_CONSTANT_CONVERSION = YES;
				CLANG_WARN_DEPRECATED_OBJC_IMPLEMENTATIONS = YES;
				CLANG_WARN_DIRECT_OBJC_ISA_USAGE = YES_ERROR;
				CLANG_WARN_DOCUMENTATION_COMMENTS = YES;
				CLANG_WARN_EMPTY_BODY = YES;
				CLANG_WARN_ENUM_CONVERSION = YES;
				CLANG_WARN_INFINITE_RECURSION = YES;
				CLANG_WARN_INT_CONVERSION = YES;
				CLANG_WARN_NON_LITERAL_NULL_CONVERSION = YES;
				CLANG_WARN_OBJC_IMPLICIT_RETAIN_SELF = YES;
				CLANG_WARN_OBJC_LITERAL_CONVERSION = YES;
				CLANG_WARN_OBJC_ROOT_CLASS = YES_ERROR;
				CLANG_WARN_QUOTED_INCLUDE_IN_FRAMEWORK_HEADER = YES;
				CLANG_WARN_RANGE_LOOP_ANALYSIS = YES;
				CLANG_WARN_STRICT_PROTOTYPES = YES;
				CLANG_WARN_SUSPICIOUS_MOVE = YES;
				CLANG_WARN_UNGUARDED_AVAILABILITY = YES_AGGRESSIVE;
				CLANG_WARN_UNREACHABLE_CODE = YES;
				CLANG_WARN__DUPLICATE_METHOD_MATCH = YES;
				COPY_PHASE_STRIP = NO;
				DEBUG_INFORMATION_FORMAT = "dwarf-with-dsym";
				ENABLE_NS_ASSERTIONS = NO;
				ENABLE_STRICT_OBJC_MSGSEND = YES;
				ENABLE_USER_SCRIPT_SANDBOXING = YES;
				GCC_C_LANGUAGE_STANDARD = gnu17;
				GCC_NO_COMMON_BLOCKS = YES;
				GCC_WARN_64_TO_32_BIT_CONVERSION = YES;
				GCC_WARN_ABOUT_RETURN_TYPE = YES_ERROR;
				GCC_WARN_UNDECLARED_SELECTOR = YES;
				GCC_WARN_UNINITIALIZED_AUTOS = YES_AGGRESSIVE;
				GCC_WARN_UNUSED_FUNCTION = YES;
				GCC_WARN_UNUSED_VARIABLE = YES;
				IPHONEOS_DEPLOYMENT_TARGET = 17.4;
				LOCALIZATION_PREFERS_STRING_CATALOGS = YES;
				MTL_ENABLE_DEBUG_INFO = NO;
				MTL_FAST_MATH = YES;
				SDKROOT = iphoneos;
				SWIFT_COMPILATION_MODE = wholemodule;
				VALIDATE_PRODUCT = YES;
			};
			name = Release;
		};
		B4CECE0F2BC4A4E100A23555 /* Debug */ = {
			isa = XCBuildConfiguration;
			buildSettings = {
				ASSETCATALOG_COMPILER_APPICON_NAME = AppIcon;
				ASSETCATALOG_COMPILER_GLOBAL_ACCENT_COLOR_NAME = AccentColor;
				CODE_SIGN_STYLE = Automatic;
				CURRENT_PROJECT_VERSION = 1;
				DEVELOPMENT_ASSET_PATHS = "\"Expense Tracker/Preview Content\"";
				DEVELOPMENT_TEAM = SKQ27WDV8P;
				ENABLE_PREVIEWS = YES;
				GENERATE_INFOPLIST_FILE = YES;
				INFOPLIST_KEY_UIApplicationSceneManifest_Generation = YES;
				INFOPLIST_KEY_UIApplicationSupportsIndirectInputEvents = YES;
				INFOPLIST_KEY_UILaunchScreen_Generation = YES;
				INFOPLIST_KEY_UISupportedInterfaceOrientations_iPad = "UIInterfaceOrientationPortrait UIInterfaceOrientationPortraitUpsideDown UIInterfaceOrientationLandscapeLeft UIInterfaceOrientationLandscapeRight";
				INFOPLIST_KEY_UISupportedInterfaceOrientations_iPhone = "UIInterfaceOrientationPortrait UIInterfaceOrientationLandscapeLeft UIInterfaceOrientationLandscapeRight";
				LD_RUNPATH_SEARCH_PATHS = (
					"$(inherited)",
					"@executable_path/Frameworks",
				);
				MARKETING_VERSION = 1.0;
				PRODUCT_BUNDLE_IDENTIFIER = "com.alexpetrisor.Expense-Tracker";
				PRODUCT_NAME = "$(TARGET_NAME)";
				SWIFT_EMIT_LOC_STRINGS = YES;
				SWIFT_VERSION = 5.0;
				TARGETED_DEVICE_FAMILY = "1,2";
			};
			name = Debug;
		};
		B4CECE102BC4A4E100A23555 /* Release */ = {
			isa = XCBuildConfiguration;
			buildSettings = {
				ASSETCATALOG_COMPILER_APPICON_NAME = AppIcon;
				ASSETCATALOG_COMPILER_GLOBAL_ACCENT_COLOR_NAME = AccentColor;
				CODE_SIGN_STYLE = Automatic;
				CURRENT_PROJECT_VERSION = 1;
				DEVELOPMENT_ASSET_PATHS = "\"Expense Tracker/Preview Content\"";
				DEVELOPMENT_TEAM = SKQ27WDV8P;
				ENABLE_PREVIEWS = YES;
				GENERATE_INFOPLIST_FILE = YES;
				INFOPLIST_KEY_UIApplicationSceneManifest_Generation = YES;
				INFOPLIST_KEY_UIApplicationSupportsIndirectInputEvents = YES;
				INFOPLIST_KEY_UILaunchScreen_Generation = YES;
				INFOPLIST_KEY_UISupportedInterfaceOrientations_iPad = "UIInterfaceOrientationPortrait UIInterfaceOrientationPortraitUpsideDown UIInterfaceOrientationLandscapeLeft UIInterfaceOrientationLandscapeRight";
				INFOPLIST_KEY_UISupportedInterfaceOrientations_iPhone = "UIInterfaceOrientationPortrait UIInterfaceOrientationLandscapeLeft UIInterfaceOrientationLandscapeRight";
				LD_RUNPATH_SEARCH_PATHS = (
					"$(inherited)",
					"@executable_path/Frameworks",
				);
				MARKETING_VERSION = 1.0;
				PRODUCT_BUNDLE_IDENTIFIER = "com.alexpetrisor.Expense-Tracker";
				PRODUCT_NAME = "$(TARGET_NAME)";
				SWIFT_EMIT_LOC_STRINGS = YES;
				SWIFT_VERSION = 5.0;
				TARGETED_DEVICE_FAMILY = "1,2";
			};
			name = Release;
		};
/* End XCBuildConfiguration section */

/* Begin XCConfigurationList section */
		B4CECDFB2BC4A4DF00A23555 /* Build configuration list for PBXProject "Expense Tracker" */ = {
			isa = XCConfigurationList;
			buildConfigurations = (
				B4CECE0C2BC4A4E100A23555 /* Debug */,
				B4CECE0D2BC4A4E100A23555 /* Release */,
			);
			defaultConfigurationIsVisible = 0;
			defaultConfigurationName = Release;
		};
		B4CECE0E2BC4A4E100A23555 /* Build configuration list for PBXNativeTarget "Expense Tracker" */ = {
			isa = XCConfigurationList;
			buildConfigurations = (
				B4CECE0F2BC4A4E100A23555 /* Debug */,
				B4CECE102BC4A4E100A23555 /* Release */,
			);
			defaultConfigurationIsVisible = 0;
			defaultConfigurationName = Release;
		};
/* End XCConfigurationList section */

/* Begin XCRemoteSwiftPackageReference section */
		B4CECE192BC580AE00A23555 /* XCRemoteSwiftPackageReference "SwiftUIFontIcon" */ = {
			isa = XCRemoteSwiftPackageReference;
			repositoryURL = "https://github.com/huybuidac/SwiftUIFontIcon";
			requirement = {
				branch = master;
				kind = branch;
			};
		};
		B4CECE222BC74F3400A23555 /* XCRemoteSwiftPackageReference "swift-collections" */ = {
			isa = XCRemoteSwiftPackageReference;
			repositoryURL = "https://github.com/apple/swift-collections.git";
			requirement = {
				kind = upToNextMajorVersion;
				minimumVersion = 1.1.0;
			};
		};
		B4CECE272BC7512A00A23555 /* XCRemoteSwiftPackageReference "ChartView" */ = {
			isa = XCRemoteSwiftPackageReference;
			repositoryURL = "https://github.com/AppPear/ChartView";
			requirement = {
				kind = exactVersion;
				version = "2.0.0-beta.2";
			};
		};
/* End XCRemoteSwiftPackageReference section */

/* Begin XCSwiftPackageProductDependency section */
		B4CECE1A2BC580AE00A23555 /* SwiftUIFontIcon */ = {
			isa = XCSwiftPackageProductDependency;
			package = B4CECE192BC580AE00A23555 /* XCRemoteSwiftPackageReference "SwiftUIFontIcon" */;
			productName = SwiftUIFontIcon;
		};
		B4CECE232BC7508500A23555 /* Collections */ = {
			isa = XCSwiftPackageProductDependency;
			package = B4CECE222BC74F3400A23555 /* XCRemoteSwiftPackageReference "swift-collections" */;
			productName = Collections;
		};
		B4CECE252BC7508500A23555 /* OrderedCollections */ = {
			isa = XCSwiftPackageProductDependency;
			package = B4CECE222BC74F3400A23555 /* XCRemoteSwiftPackageReference "swift-collections" */;
			productName = OrderedCollections;
		};
		B4CECE282BC7512A00A23555 /* SwiftUICharts */ = {
			isa = XCSwiftPackageProductDependency;
			package = B4CECE272BC7512A00A23555 /* XCRemoteSwiftPackageReference "ChartView" */;
			productName = SwiftUICharts;
		};
/* End XCSwiftPackageProductDependency section */
	};
	rootObject = B4CECDF82BC4A4DF00A23555 /* Project object */;
}
